// !$*UTF8*$!
{
	archiveVersion = 1;
	classes = {
	};
	objectVersion = 50;
	objects = {

/* Begin PBXBuildFile section */
		494EBA972643D9230037ADC1 /* AppDelegate.swift in Sources */ = {isa = PBXBuildFile; fileRef = 494EBA962643D9230037ADC1 /* AppDelegate.swift */; };
		494EBA992643D9230037ADC1 /* SceneDelegate.swift in Sources */ = {isa = PBXBuildFile; fileRef = 494EBA982643D9230037ADC1 /* SceneDelegate.swift */; };
		494EBA9B2643D9230037ADC1 /* ViewController.swift in Sources */ = {isa = PBXBuildFile; fileRef = 494EBA9A2643D9230037ADC1 /* ViewController.swift */; };
		494EBAA02643D9250037ADC1 /* Assets.xcassets in Resources */ = {isa = PBXBuildFile; fileRef = 494EBA9F2643D9250037ADC1 /* Assets.xcassets */; };
		494EBAA32643D9250037ADC1 /* LaunchScreen.storyboard in Resources */ = {isa = PBXBuildFile; fileRef = 494EBAA12643D9250037ADC1 /* LaunchScreen.storyboard */; };
		494EBAB32643DD1B0037ADC1 /* AppCoordinator.swift in Sources */ = {isa = PBXBuildFile; fileRef = 494EBAB02643DD1B0037ADC1 /* AppCoordinator.swift */; };
		494EBAB42643DD1B0037ADC1 /* Coordinator.swift in Sources */ = {isa = PBXBuildFile; fileRef = 494EBAB12643DD1B0037ADC1 /* Coordinator.swift */; };
		494EBAB52643DD1B0037ADC1 /* MainCoordinator.swift in Sources */ = {isa = PBXBuildFile; fileRef = 494EBAB22643DD1B0037ADC1 /* MainCoordinator.swift */; };
/* End PBXBuildFile section */

/* Begin PBXFileReference section */
		494EBA932643D9230037ADC1 /* Wallpapers.app */ = {isa = PBXFileReference; explicitFileType = wrapper.application; includeInIndex = 0; path = Wallpapers.app; sourceTree = BUILT_PRODUCTS_DIR; };
		494EBA962643D9230037ADC1 /* AppDelegate.swift */ = {isa = PBXFileReference; lastKnownFileType = sourcecode.swift; path = AppDelegate.swift; sourceTree = "<group>"; };
		494EBA982643D9230037ADC1 /* SceneDelegate.swift */ = {isa = PBXFileReference; lastKnownFileType = sourcecode.swift; path = SceneDelegate.swift; sourceTree = "<group>"; };
		494EBA9A2643D9230037ADC1 /* ViewController.swift */ = {isa = PBXFileReference; lastKnownFileType = sourcecode.swift; path = ViewController.swift; sourceTree = "<group>"; };
		494EBA9F2643D9250037ADC1 /* Assets.xcassets */ = {isa = PBXFileReference; lastKnownFileType = folder.assetcatalog; path = Assets.xcassets; sourceTree = "<group>"; };
		494EBAA22643D9250037ADC1 /* Base */ = {isa = PBXFileReference; lastKnownFileType = file.storyboard; name = Base; path = Base.lproj/LaunchScreen.storyboard; sourceTree = "<group>"; };
		494EBAA42643D9250037ADC1 /* Info.plist */ = {isa = PBXFileReference; lastKnownFileType = text.plist.xml; path = Info.plist; sourceTree = "<group>"; };
		494EBAB02643DD1B0037ADC1 /* AppCoordinator.swift */ = {isa = PBXFileReference; fileEncoding = 4; lastKnownFileType = sourcecode.swift; path = AppCoordinator.swift; sourceTree = "<group>"; };
		494EBAB12643DD1B0037ADC1 /* Coordinator.swift */ = {isa = PBXFileReference; fileEncoding = 4; lastKnownFileType = sourcecode.swift; path = Coordinator.swift; sourceTree = "<group>"; };
		494EBAB22643DD1B0037ADC1 /* MainCoordinator.swift */ = {isa = PBXFileReference; fileEncoding = 4; lastKnownFileType = sourcecode.swift; path = MainCoordinator.swift; sourceTree = "<group>"; };
/* End PBXFileReference section */

/* Begin PBXFrameworksBuildPhase section */
		494EBA902643D9230037ADC1 /* Frameworks */ = {
			isa = PBXFrameworksBuildPhase;
			buildActionMask = 2147483647;
			files = (
			);
			runOnlyForDeploymentPostprocessing = 0;
		};
/* End PBXFrameworksBuildPhase section */

/* Begin PBXGroup section */
		494EBA8A2643D9230037ADC1 = {
			isa = PBXGroup;
			children = (
				494EBA952643D9230037ADC1 /* Wallpapers */,
				494EBA942643D9230037ADC1 /* Products */,
			);
			sourceTree = "<group>";
		};
		494EBA942643D9230037ADC1 /* Products */ = {
			isa = PBXGroup;
			children = (
				494EBA932643D9230037ADC1 /* Wallpapers.app */,
			);
			name = Products;
			sourceTree = "<group>";
		};
		494EBA952643D9230037ADC1 /* Wallpapers */ = {
			isa = PBXGroup;
			children = (
				494EBAAD2643DC920037ADC1 /* DataAccess */,
				494EBAAE2643DCDD0037ADC1 /* BusinessLogic */,
				494EBAAC2643DC690037ADC1 /* UserInterface */,
				494EBA962643D9230037ADC1 /* AppDelegate.swift */,
				494EBA982643D9230037ADC1 /* SceneDelegate.swift */,
				494EBA9A2643D9230037ADC1 /* ViewController.swift */,
				494EBA9F2643D9250037ADC1 /* Assets.xcassets */,
				494EBAA12643D9250037ADC1 /* LaunchScreen.storyboard */,
				494EBAA42643D9250037ADC1 /* Info.plist */,
			);
			path = Wallpapers;
			sourceTree = "<group>";
		};
		494EBAAC2643DC690037ADC1 /* UserInterface */ = {
			isa = PBXGroup;
			children = (
				494EBAAF2643DCFD0037ADC1 /* Coordinators */,
			);
			path = UserInterface;
			sourceTree = "<group>";
		};
		494EBAAD2643DC920037ADC1 /* DataAccess */ = {
			isa = PBXGroup;
			children = (
			);
			path = DataAccess;
			sourceTree = "<group>";
		};
		494EBAAE2643DCDD0037ADC1 /* BusinessLogic */ = {
			isa = PBXGroup;
			children = (
			);
			path = BusinessLogic;
			sourceTree = "<group>";
		};
		494EBAAF2643DCFD0037ADC1 /* Coordinators */ = {
			isa = PBXGroup;
			children = (
				494EBAB12643DD1B0037ADC1 /* Coordinator.swift */,
				494EBAB02643DD1B0037ADC1 /* AppCoordinator.swift */,
				494EBAB22643DD1B0037ADC1 /* MainCoordinator.swift */,
			);
			path = Coordinators;
			sourceTree = "<group>";
		};
/* End PBXGroup section */

/* Begin PBXNativeTarget section */
		494EBA922643D9230037ADC1 /* Wallpapers */ = {
			isa = PBXNativeTarget;
			buildConfigurationList = 494EBAA72643D9250037ADC1 /* Build configuration list for PBXNativeTarget "Wallpapers" */;
			buildPhases = (
				494EBA8F2643D9230037ADC1 /* Sources */,
				494EBA902643D9230037ADC1 /* Frameworks */,
				494EBA912643D9230037ADC1 /* Resources */,
			);
			buildRules = (
			);
			dependencies = (
			);
			name = Wallpapers;
			productName = Wallpapers;
			productReference = 494EBA932643D9230037ADC1 /* Wallpapers.app */;
			productType = "com.apple.product-type.application";
		};
/* End PBXNativeTarget section */

/* Begin PBXProject section */
		494EBA8B2643D9230037ADC1 /* Project object */ = {
			isa = PBXProject;
			attributes = {
				LastSwiftUpdateCheck = 1240;
				LastUpgradeCheck = 1240;
				TargetAttributes = {
					494EBA922643D9230037ADC1 = {
						CreatedOnToolsVersion = 12.4;
					};
				};
			};
			buildConfigurationList = 494EBA8E2643D9230037ADC1 /* Build configuration list for PBXProject "Wallpapers" */;
			compatibilityVersion = "Xcode 9.3";
			developmentRegion = en;
			hasScannedForEncodings = 0;
			knownRegions = (
				en,
				Base,
			);
			mainGroup = 494EBA8A2643D9230037ADC1;
			productRefGroup = 494EBA942643D9230037ADC1 /* Products */;
			projectDirPath = "";
			projectRoot = "";
			targets = (
				494EBA922643D9230037ADC1 /* Wallpapers */,
			);
		};
/* End PBXProject section */

/* Begin PBXResourcesBuildPhase section */
		494EBA912643D9230037ADC1 /* Resources */ = {
			isa = PBXResourcesBuildPhase;
			buildActionMask = 2147483647;
			files = (
				494EBAA32643D9250037ADC1 /* LaunchScreen.storyboard in Resources */,
				494EBAA02643D9250037ADC1 /* Assets.xcassets in Resources */,
			);
			runOnlyForDeploymentPostprocessing = 0;
		};
/* End PBXResourcesBuildPhase section */

/* Begin PBXSourcesBuildPhase section */
		494EBA8F2643D9230037ADC1 /* Sources */ = {
			isa = PBXSourcesBuildPhase;
			buildActionMask = 2147483647;
			files = (
				494EBAB32643DD1B0037ADC1 /* AppCoordinator.swift in Sources */,
				494EBAB52643DD1B0037ADC1 /* MainCoordinator.swift in Sources */,
				494EBA9B2643D9230037ADC1 /* ViewController.swift in Sources */,
				494EBAB42643DD1B0037ADC1 /* Coordinator.swift in Sources */,
				494EBA972643D9230037ADC1 /* AppDelegate.swift in Sources */,
				494EBA992643D9230037ADC1 /* SceneDelegate.swift in Sources */,
			);
			runOnlyForDeploymentPostprocessing = 0;
		};
/* End PBXSourcesBuildPhase section */

/* Begin PBXVariantGroup section */
		494EBAA12643D9250037ADC1 /* LaunchScreen.storyboard */ = {
			isa = PBXVariantGroup;
			children = (
				494EBAA22643D9250037ADC1 /* Base */,
			);
			name = LaunchScreen.storyboard;
			sourceTree = "<group>";
		};
/* End PBXVariantGroup section */

/* Begin XCBuildConfiguration section */
		494EBAA52643D9250037ADC1 /* Debug */ = {
			isa = XCBuildConfiguration;
			buildSettings = {
				ALWAYS_SEARCH_USER_PATHS = NO;
				CLANG_ANALYZER_NONNULL = YES;
				CLANG_ANALYZER_NUMBER_OBJECT_CONVERSION = YES_AGGRESSIVE;
				CLANG_CXX_LANGUAGE_STANDARD = "gnu++14";
				CLANG_CXX_LIBRARY = "libc++";
				CLANG_ENABLE_MODULES = YES;
				CLANG_ENABLE_OBJC_ARC = YES;
				CLANG_ENABLE_OBJC_WEAK = YES;
				CLANG_WARN_BLOCK_CAPTURE_AUTORELEASING = YES;
				CLANG_WARN_BOOL_CONVERSION = YES;
				CLANG_WARN_COMMA = YES;
				CLANG_WARN_CONSTANT_CONVERSION = YES;
				CLANG_WARN_DEPRECATED_OBJC_IMPLEMENTATIONS = YES;
				CLANG_WARN_DIRECT_OBJC_ISA_USAGE = YES_ERROR;
				CLANG_WARN_DOCUMENTATION_COMMENTS = YES;
				CLANG_WARN_EMPTY_BODY = YES;
				CLANG_WARN_ENUM_CONVERSION = YES;
				CLANG_WARN_INFINITE_RECURSION = YES;
				CLANG_WARN_INT_CONVERSION = YES;
				CLANG_WARN_NON_LITERAL_NULL_CONVERSION = YES;
				CLANG_WARN_OBJC_IMPLICIT_RETAIN_SELF = YES;
				CLANG_WARN_OBJC_LITERAL_CONVERSION = YES;
				CLANG_WARN_OBJC_ROOT_CLASS = YES_ERROR;
				CLANG_WARN_QUOTED_INCLUDE_IN_FRAMEWORK_HEADER = YES;
				CLANG_WARN_RANGE_LOOP_ANALYSIS = YES;
				CLANG_WARN_STRICT_PROTOTYPES = YES;
				CLANG_WARN_SUSPICIOUS_MOVE = YES;
				CLANG_WARN_UNGUARDED_AVAILABILITY = YES_AGGRESSIVE;
				CLANG_WARN_UNREACHABLE_CODE = YES;
				CLANG_WARN__DUPLICATE_METHOD_MATCH = YES;
				COPY_PHASE_STRIP = NO;
				DEBUG_INFORMATION_FORMAT = dwarf;
				ENABLE_STRICT_OBJC_MSGSEND = YES;
				ENABLE_TESTABILITY = YES;
				GCC_C_LANGUAGE_STANDARD = gnu11;
				GCC_DYNAMIC_NO_PIC = NO;
				GCC_NO_COMMON_BLOCKS = YES;
				GCC_OPTIMIZATION_LEVEL = 0;
				GCC_PREPROCESSOR_DEFINITIONS = (
					"DEBUG=1",
					"$(inherited)",
				);
				GCC_WARN_64_TO_32_BIT_CONVERSION = YES;
				GCC_WARN_ABOUT_RETURN_TYPE = YES_ERROR;
				GCC_WARN_UNDECLARED_SELECTOR = YES;
				GCC_WARN_UNINITIALIZED_AUTOS = YES_AGGRESSIVE;
				GCC_WARN_UNUSED_FUNCTION = YES;
				GCC_WARN_UNUSED_VARIABLE = YES;
				IPHONEOS_DEPLOYMENT_TARGET = 14.4;
				MTL_ENABLE_DEBUG_INFO = INCLUDE_SOURCE;
				MTL_FAST_MATH = YES;
				ONLY_ACTIVE_ARCH = YES;
				SDKROOT = iphoneos;
				SWIFT_ACTIVE_COMPILATION_CONDITIONS = DEBUG;
				SWIFT_OPTIMIZATION_LEVEL = "-Onone";
			};
			name = Debug;
		};
		494EBAA62643D9250037ADC1 /* Release */ = {
			isa = XCBuildConfiguration;
			buildSettings = {
				ALWAYS_SEARCH_USER_PATHS = NO;
				CLANG_ANALYZER_NONNULL = YES;
				CLANG_ANALYZER_NUMBER_OBJECT_CONVERSION = YES_AGGRESSIVE;
				CLANG_CXX_LANGUAGE_STANDARD = "gnu++14";
				CLANG_CXX_LIBRARY = "libc++";
				CLANG_ENABLE_MODULES = YES;
				CLANG_ENABLE_OBJC_ARC = YES;
				CLANG_ENABLE_OBJC_WEAK = YES;
				CLANG_WARN_BLOCK_CAPTURE_AUTORELEASING = YES;
				CLANG_WARN_BOOL_CONVERSION = YES;
				CLANG_WARN_COMMA = YES;
				CLANG_WARN_CONSTANT_CONVERSION = YES;
				CLANG_WARN_DEPRECATED_OBJC_IMPLEMENTATIONS = YES;
				CLANG_WARN_DIRECT_OBJC_ISA_USAGE = YES_ERROR;
				CLANG_WARN_DOCUMENTATION_COMMENTS = YES;
				CLANG_WARN_EMPTY_BODY = YES;
				CLANG_WARN_ENUM_CONVERSION = YES;
				CLANG_WARN_INFINITE_RECURSION = YES;
				CLANG_WARN_INT_CONVERSION = YES;
				CLANG_WARN_NON_LITERAL_NULL_CONVERSION = YES;
				CLANG_WARN_OBJC_IMPLICIT_RETAIN_SELF = YES;
				CLANG_WARN_OBJC_LITERAL_CONVERSION = YES;
				CLANG_WARN_OBJC_ROOT_CLASS = YES_ERROR;
				CLANG_WARN_QUOTED_INCLUDE_IN_FRAMEWORK_HEADER = YES;
				CLANG_WARN_RANGE_LOOP_ANALYSIS = YES;
				CLANG_WARN_STRICT_PROTOTYPES = YES;
				CLANG_WARN_SUSPICIOUS_MOVE = YES;
				CLANG_WARN_UNGUARDED_AVAILABILITY = YES_AGGRESSIVE;
				CLANG_WARN_UNREACHABLE_CODE = YES;
				CLANG_WARN__DUPLICATE_METHOD_MATCH = YES;
				COPY_PHASE_STRIP = NO;
				DEBUG_INFORMATION_FORMAT = "dwarf-with-dsym";
				ENABLE_NS_ASSERTIONS = NO;
				ENABLE_STRICT_OBJC_MSGSEND = YES;
				GCC_C_LANGUAGE_STANDARD = gnu11;
				GCC_NO_COMMON_BLOCKS = YES;
				GCC_WARN_64_TO_32_BIT_CONVERSION = YES;
				GCC_WARN_ABOUT_RETURN_TYPE = YES_ERROR;
				GCC_WARN_UNDECLARED_SELECTOR = YES;
				GCC_WARN_UNINITIALIZED_AUTOS = YES_AGGRESSIVE;
				GCC_WARN_UNUSED_FUNCTION = YES;
				GCC_WARN_UNUSED_VARIABLE = YES;
				IPHONEOS_DEPLOYMENT_TARGET = 14.4;
				MTL_ENABLE_DEBUG_INFO = NO;
				MTL_FAST_MATH = YES;
				SDKROOT = iphoneos;
				SWIFT_COMPILATION_MODE = wholemodule;
				SWIFT_OPTIMIZATION_LEVEL = "-O";
				VALIDATE_PRODUCT = YES;
			};
			name = Release;
		};
		494EBAA82643D9250037ADC1 /* Debug */ = {
			isa = XCBuildConfiguration;
			buildSettings = {
				ASSETCATALOG_COMPILER_APPICON_NAME = AppIcon;
				ASSETCATALOG_COMPILER_GLOBAL_ACCENT_COLOR_NAME = AccentColor;
				CODE_SIGN_STYLE = Automatic;
				DEVELOPMENT_TEAM = 4GG5Y2R22P;
				INFOPLIST_FILE = Wallpapers/Info.plist;
				LD_RUNPATH_SEARCH_PATHS = (
					"$(inherited)",
					"@executable_path/Frameworks",
				);
				PRODUCT_BUNDLE_IDENTIFIER = com.andrew.ru.Wallpapers;
				PRODUCT_NAME = "$(TARGET_NAME)";
				SWIFT_VERSION = 5.0;
				TARGETED_DEVICE_FAMILY = "1,2";
			};
			name = Debug;
		};
		494EBAA92643D9250037ADC1 /* Release */ = {
			isa = XCBuildConfiguration;
			buildSettings = {
				ASSETCATALOG_COMPILER_APPICON_NAME = AppIcon;
				ASSETCATALOG_COMPILER_GLOBAL_ACCENT_COLOR_NAME = AccentColor;
				CODE_SIGN_STYLE = Automatic;
				DEVELOPMENT_TEAM = 4GG5Y2R22P;
				INFOPLIST_FILE = Wallpapers/Info.plist;
				LD_RUNPATH_SEARCH_PATHS = (
					"$(inherited)",
					"@executable_path/Frameworks",
				);
				PRODUCT_BUNDLE_IDENTIFIER = com.andrew.ru.Wallpapers;
				PRODUCT_NAME = "$(TARGET_NAME)";
				SWIFT_VERSION = 5.0;
				TARGETED_DEVICE_FAMILY = "1,2";
			};
			name = Release;
		};
/* End XCBuildConfiguration section */

/* Begin XCConfigurationList section */
		494EBA8E2643D9230037ADC1 /* Build configuration list for PBXProject "Wallpapers" */ = {
			isa = XCConfigurationList;
			buildConfigurations = (
				494EBAA52643D9250037ADC1 /* Debug */,
				494EBAA62643D9250037ADC1 /* Release */,
			);
			defaultConfigurationIsVisible = 0;
			defaultConfigurationName = Release;
		};
		494EBAA72643D9250037ADC1 /* Build configuration list for PBXNativeTarget "Wallpapers" */ = {
			isa = XCConfigurationList;
			buildConfigurations = (
				494EBAA82643D9250037ADC1 /* Debug */,
				494EBAA92643D9250037ADC1 /* Release */,
			);
			defaultConfigurationIsVisible = 0;
			defaultConfigurationName = Release;
		};
/* End XCConfigurationList section */
	};
	rootObject = 494EBA8B2643D9230037ADC1 /* Project object */;
}
